
Microsoft Visual Studio Solution File, Format Version 12.00
# Visual Studio Version 16
VisualStudioVersion = 16.0.30413.136
MinimumVisualStudioVersion = 10.0.40219.1
Project("{F184B08F-C81C-45F6-A57F-5ABD9991F28F}") = "GestiuneElevi", "GestiuneElevi\GestiuneElevi.vbproj", "{C70FF10D-1428-4C09-A6A4-AAD8856E9B4A}"
EndProject
Global
	GlobalSection(SolutionConfigurationPlatforms) = preSolution
		Debug|Any CPU = Debug|Any CPU
		Release|Any CPU = Release|Any CPU
	EndGlobalSection
	GlobalSection(ProjectConfigurationPlatforms) = postSolution
		{C70FF10D-1428-4C09-A6A4-AAD8856E9B4A}.Debug|Any CPU.ActiveCfg = Debug|Any CPU
		{C70FF10D-1428-4C09-A6A4-AAD8856E9B4A}.Debug|Any CPU.Build.0 = Debug|Any CPU
		{C70FF10D-1428-4C09-A6A4-AAD8856E9B4A}.Release|Any CPU.ActiveCfg = Release|Any CPU
		{C70FF10D-1428-4C09-A6A4-AAD8856E9B4A}.Release|Any CPU.Build.0 = Release|Any CPU
	EndGlobalSection
	GlobalSection(SolutionProperties) = preSolution
		HideSolutionNode = FALSE
	EndGlobalSection
	GlobalSection(ExtensibilityGlobals) = postSolution
		SolutionGuid = {AB1943A8-2B15-40F8-A27A-DEA14D9DD3E7}
	EndGlobalSection
EndGlobal
